
Microsoft Visual Studio Solution File, Format Version 12.00
# Visual Studio Version 16
VisualStudioVersion = 16.0.31112.23
MinimumVisualStudioVersion = 10.0.40219.1
Project("{FAE04EC0-301F-11D3-BF4B-00C04F79EFBC}") = "Bookstore.WebApi", "Bookstore.WebApi\Bookstore.WebApi.csproj", "{3CE4DF6D-39ED-4C02-997B-A173A971E3B3}"
EndProject
Project("{FAE04EC0-301F-11D3-BF4B-00C04F79EFBC}") = "Bookstore.Core", "Bookstore.Core\Bookstore.Core.csproj", "{50DA0A2E-E830-46EA-A311-AB34941D2D04}"
EndProject
Global
	GlobalSection(SolutionConfigurationPlatforms) = preSolution
		Debug|Any CPU = Debug|Any CPU
		Release|Any CPU = Release|Any CPU
	EndGlobalSection
	GlobalSection(ProjectConfigurationPlatforms) = postSolution
		{3CE4DF6D-39ED-4C02-997B-A173A971E3B3}.Debug|Any CPU.ActiveCfg = Debug|Any CPU
		{3CE4DF6D-39ED-4C02-997B-A173A971E3B3}.Debug|Any CPU.Build.0 = Debug|Any CPU
		{3CE4DF6D-39ED-4C02-997B-A173A971E3B3}.Release|Any CPU.ActiveCfg = Release|Any CPU
		{3CE4DF6D-39ED-4C02-997B-A173A971E3B3}.Release|Any CPU.Build.0 = Release|Any CPU
		{50DA0A2E-E830-46EA-A311-AB34941D2D04}.Debug|Any CPU.ActiveCfg = Debug|Any CPU
		{50DA0A2E-E830-46EA-A311-AB34941D2D04}.Debug|Any CPU.Build.0 = Debug|Any CPU
		{50DA0A2E-E830-46EA-A311-AB34941D2D04}.Release|Any CPU.ActiveCfg = Release|Any CPU
		{50DA0A2E-E830-46EA-A311-AB34941D2D04}.Release|Any CPU.Build.0 = Release|Any CPU
	EndGlobalSection
	GlobalSection(SolutionProperties) = preSolution
		HideSolutionNode = FALSE
	EndGlobalSection
	GlobalSection(ExtensibilityGlobals) = postSolution
		SolutionGuid = {338CCF77-FAE2-49E3-8271-CD0416078165}
	EndGlobalSection
EndGlobal
